// !$*UTF8*$!
{
	archiveVersion = 1;
	classes = {
	};
	objectVersion = 48;
	objects = {

/* Begin PBXBuildFile section */
		C91D2335204D22D100112F5F /* SearchResult.swift in Sources */ = {isa = PBXBuildFile; fileRef = C91D2334204D22D100112F5F /* SearchResult.swift */; };
		C91D2337204D325500112F5F /* SearchResultCell.xib in Resources */ = {isa = PBXBuildFile; fileRef = C91D2336204D325500112F5F /* SearchResultCell.xib */; };
		C965C2EC204CEB42000FD36A /* AppDelegate.swift in Sources */ = {isa = PBXBuildFile; fileRef = C965C2EB204CEB42000FD36A /* AppDelegate.swift */; };
		C965C2EE204CEB42000FD36A /* SearchViewController.swift in Sources */ = {isa = PBXBuildFile; fileRef = C965C2ED204CEB42000FD36A /* SearchViewController.swift */; };
		C965C2F1204CEB42000FD36A /* Main.storyboard in Resources */ = {isa = PBXBuildFile; fileRef = C965C2EF204CEB42000FD36A /* Main.storyboard */; };
		C965C2F3204CEB42000FD36A /* Assets.xcassets in Resources */ = {isa = PBXBuildFile; fileRef = C965C2F2204CEB42000FD36A /* Assets.xcassets */; };
		C965C2F6204CEB42000FD36A /* LaunchScreen.storyboard in Resources */ = {isa = PBXBuildFile; fileRef = C965C2F4204CEB42000FD36A /* LaunchScreen.storyboard */; };
/* End PBXBuildFile section */

/* Begin PBXFileReference section */
		C91D2334204D22D100112F5F /* SearchResult.swift */ = {isa = PBXFileReference; lastKnownFileType = sourcecode.swift; path = SearchResult.swift; sourceTree = "<group>"; };
		C91D2336204D325500112F5F /* SearchResultCell.xib */ = {isa = PBXFileReference; lastKnownFileType = file.xib; path = SearchResultCell.xib; sourceTree = "<group>"; };
		C965C2E8204CEB42000FD36A /* StoreSearch.app */ = {isa = PBXFileReference; explicitFileType = wrapper.application; includeInIndex = 0; path = StoreSearch.app; sourceTree = BUILT_PRODUCTS_DIR; };
		C965C2EB204CEB42000FD36A /* AppDelegate.swift */ = {isa = PBXFileReference; lastKnownFileType = sourcecode.swift; path = AppDelegate.swift; sourceTree = "<group>"; };
		C965C2ED204CEB42000FD36A /* SearchViewController.swift */ = {isa = PBXFileReference; lastKnownFileType = sourcecode.swift; path = SearchViewController.swift; sourceTree = "<group>"; };
		C965C2F0204CEB42000FD36A /* Base */ = {isa = PBXFileReference; lastKnownFileType = file.storyboard; name = Base; path = Base.lproj/Main.storyboard; sourceTree = "<group>"; };
		C965C2F2204CEB42000FD36A /* Assets.xcassets */ = {isa = PBXFileReference; lastKnownFileType = folder.assetcatalog; path = Assets.xcassets; sourceTree = "<group>"; };
		C965C2F5204CEB42000FD36A /* Base */ = {isa = PBXFileReference; lastKnownFileType = file.storyboard; name = Base; path = Base.lproj/LaunchScreen.storyboard; sourceTree = "<group>"; };
		C965C2F7204CEB42000FD36A /* Info.plist */ = {isa = PBXFileReference; lastKnownFileType = text.plist.xml; path = Info.plist; sourceTree = "<group>"; };
/* End PBXFileReference section */

/* Begin PBXFrameworksBuildPhase section */
		C965C2E5204CEB42000FD36A /* Frameworks */ = {
			isa = PBXFrameworksBuildPhase;
			buildActionMask = 2147483647;
			files = (
			);
			runOnlyForDeploymentPostprocessing = 0;
		};
/* End PBXFrameworksBuildPhase section */

/* Begin PBXGroup section */
		C91D2332204CF09C00112F5F /* controller */ = {
			isa = PBXGroup;
			children = (
				C965C2ED204CEB42000FD36A /* SearchViewController.swift */,
			);
			path = controller;
			sourceTree = "<group>";
		};
		C91D2333204D22BC00112F5F /* model */ = {
			isa = PBXGroup;
			children = (
				C91D2334204D22D100112F5F /* SearchResult.swift */,
			);
			path = model;
			sourceTree = "<group>";
		};
		C91D2338204D381F00112F5F /* xib */ = {
			isa = PBXGroup;
			children = (
				C91D2336204D325500112F5F /* SearchResultCell.xib */,
			);
			path = xib;
			sourceTree = "<group>";
		};
		C965C2DF204CEB42000FD36A = {
			isa = PBXGroup;
			children = (
				C965C2E9204CEB42000FD36A /* Products */,
				C965C2EA204CEB42000FD36A /* StoreSearch */,
			);
			sourceTree = "<group>";
		};
		C965C2E9204CEB42000FD36A /* Products */ = {
			isa = PBXGroup;
			children = (
				C965C2E8204CEB42000FD36A /* StoreSearch.app */,
			);
			name = Products;
			sourceTree = "<group>";
		};
		C965C2EA204CEB42000FD36A /* StoreSearch */ = {
			isa = PBXGroup;
			children = (
				C965C2EB204CEB42000FD36A /* AppDelegate.swift */,
				C965C2F2204CEB42000FD36A /* Assets.xcassets */,
				C91D2332204CF09C00112F5F /* controller */,
				C965C2F7204CEB42000FD36A /* Info.plist */,
				C965C2F4204CEB42000FD36A /* LaunchScreen.storyboard */,
				C965C2EF204CEB42000FD36A /* Main.storyboard */,
				C91D2333204D22BC00112F5F /* model */,
				C91D2338204D381F00112F5F /* xib */,
			);
			path = StoreSearch;
			sourceTree = "<group>";
		};
/* End PBXGroup section */

/* Begin PBXNativeTarget section */
		C965C2E7204CEB42000FD36A /* StoreSearch */ = {
			isa = PBXNativeTarget;
			buildConfigurationList = C965C2FA204CEB42000FD36A /* Build configuration list for PBXNativeTarget "StoreSearch" */;
			buildPhases = (
				C965C2E4204CEB42000FD36A /* Sources */,
				C965C2E5204CEB42000FD36A /* Frameworks */,
				C965C2E6204CEB42000FD36A /* Resources */,
			);
			buildRules = (
			);
			dependencies = (
			);
			name = StoreSearch;
			productName = StoreSearch;
			productReference = C965C2E8204CEB42000FD36A /* StoreSearch.app */;
			productType = "com.apple.product-type.application";
		};
/* End PBXNativeTarget section */

/* Begin PBXProject section */
		C965C2E0204CEB42000FD36A /* Project object */ = {
			isa = PBXProject;
			attributes = {
				LastSwiftUpdateCheck = 0920;
				LastUpgradeCheck = 0920;
				ORGANIZATIONNAME = hungvv;
				TargetAttributes = {
					C965C2E7204CEB42000FD36A = {
						CreatedOnToolsVersion = 9.2;
						ProvisioningStyle = Automatic;
					};
				};
			};
			buildConfigurationList = C965C2E3204CEB42000FD36A /* Build configuration list for PBXProject "StoreSearch" */;
			compatibilityVersion = "Xcode 8.0";
			developmentRegion = en;
			hasScannedForEncodings = 0;
			knownRegions = (
				en,
				Base,
			);
			mainGroup = C965C2DF204CEB42000FD36A;
			productRefGroup = C965C2E9204CEB42000FD36A /* Products */;
			projectDirPath = "";
			projectRoot = "";
			targets = (
				C965C2E7204CEB42000FD36A /* StoreSearch */,
			);
		};
/* End PBXProject section */

/* Begin PBXResourcesBuildPhase section */
		C965C2E6204CEB42000FD36A /* Resources */ = {
			isa = PBXResourcesBuildPhase;
			buildActionMask = 2147483647;
			files = (
				C965C2F6204CEB42000FD36A /* LaunchScreen.storyboard in Resources */,
				C965C2F3204CEB42000FD36A /* Assets.xcassets in Resources */,
				C91D2337204D325500112F5F /* SearchResultCell.xib in Resources */,
				C965C2F1204CEB42000FD36A /* Main.storyboard in Resources */,
			);
			runOnlyForDeploymentPostprocessing = 0;
		};
/* End PBXResourcesBuildPhase section */

/* Begin PBXSourcesBuildPhase section */
		C965C2E4204CEB42000FD36A /* Sources */ = {
			isa = PBXSourcesBuildPhase;
			buildActionMask = 2147483647;
			files = (
				C965C2EE204CEB42000FD36A /* SearchViewController.swift in Sources */,
				C91D2335204D22D100112F5F /* SearchResult.swift in Sources */,
				C965C2EC204CEB42000FD36A /* AppDelegate.swift in Sources */,
			);
			runOnlyForDeploymentPostprocessing = 0;
		};
/* End PBXSourcesBuildPhase section */

/* Begin PBXVariantGroup section */
		C965C2EF204CEB42000FD36A /* Main.storyboard */ = {
			isa = PBXVariantGroup;
			children = (
				C965C2F0204CEB42000FD36A /* Base */,
			);
			name = Main.storyboard;
			sourceTree = "<group>";
		};
		C965C2F4204CEB42000FD36A /* LaunchScreen.storyboard */ = {
			isa = PBXVariantGroup;
			children = (
				C965C2F5204CEB42000FD36A /* Base */,
			);
			name = LaunchScreen.storyboard;
			sourceTree = "<group>";
		};
/* End PBXVariantGroup section */

/* Begin XCBuildConfiguration section */
		C965C2F8204CEB42000FD36A /* Debug */ = {
			isa = XCBuildConfiguration;
			buildSettings = {
				ALWAYS_SEARCH_USER_PATHS = NO;
				CLANG_ANALYZER_NONNULL = YES;
				CLANG_ANALYZER_NUMBER_OBJECT_CONVERSION = YES_AGGRESSIVE;
				CLANG_CXX_LANGUAGE_STANDARD = "gnu++14";
				CLANG_CXX_LIBRARY = "libc++";
				CLANG_ENABLE_MODULES = YES;
				CLANG_ENABLE_OBJC_ARC = YES;
				CLANG_WARN_BLOCK_CAPTURE_AUTORELEASING = YES;
				CLANG_WARN_BOOL_CONVERSION = YES;
				CLANG_WARN_COMMA = YES;
				CLANG_WARN_CONSTANT_CONVERSION = YES;
				CLANG_WARN_DIRECT_OBJC_ISA_USAGE = YES_ERROR;
				CLANG_WARN_DOCUMENTATION_COMMENTS = YES;
				CLANG_WARN_EMPTY_BODY = YES;
				CLANG_WARN_ENUM_CONVERSION = YES;
				CLANG_WARN_INFINITE_RECURSION = YES;
				CLANG_WARN_INT_CONVERSION = YES;
				CLANG_WARN_NON_LITERAL_NULL_CONVERSION = YES;
				CLANG_WARN_OBJC_LITERAL_CONVERSION = YES;
				CLANG_WARN_OBJC_ROOT_CLASS = YES_ERROR;
				CLANG_WARN_RANGE_LOOP_ANALYSIS = YES;
				CLANG_WARN_STRICT_PROTOTYPES = YES;
				CLANG_WARN_SUSPICIOUS_MOVE = YES;
				CLANG_WARN_UNGUARDED_AVAILABILITY = YES_AGGRESSIVE;
				CLANG_WARN_UNREACHABLE_CODE = YES;
				CLANG_WARN__DUPLICATE_METHOD_MATCH = YES;
				CODE_SIGN_IDENTITY = "iPhone Developer";
				COPY_PHASE_STRIP = NO;
				DEBUG_INFORMATION_FORMAT = dwarf;
				ENABLE_STRICT_OBJC_MSGSEND = YES;
				ENABLE_TESTABILITY = YES;
				GCC_C_LANGUAGE_STANDARD = gnu11;
				GCC_DYNAMIC_NO_PIC = NO;
				GCC_NO_COMMON_BLOCKS = YES;
				GCC_OPTIMIZATION_LEVEL = 0;
				GCC_PREPROCESSOR_DEFINITIONS = (
					"DEBUG=1",
					"$(inherited)",
				);
				GCC_WARN_64_TO_32_BIT_CONVERSION = YES;
				GCC_WARN_ABOUT_RETURN_TYPE = YES_ERROR;
				GCC_WARN_UNDECLARED_SELECTOR = YES;
				GCC_WARN_UNINITIALIZED_AUTOS = YES_AGGRESSIVE;
				GCC_WARN_UNUSED_FUNCTION = YES;
				GCC_WARN_UNUSED_VARIABLE = YES;
				IPHONEOS_DEPLOYMENT_TARGET = 11.2;
				MTL_ENABLE_DEBUG_INFO = YES;
				ONLY_ACTIVE_ARCH = YES;
				SDKROOT = iphoneos;
				SWIFT_ACTIVE_COMPILATION_CONDITIONS = DEBUG;
				SWIFT_OPTIMIZATION_LEVEL = "-Onone";
			};
			name = Debug;
		};
		C965C2F9204CEB42000FD36A /* Release */ = {
			isa = XCBuildConfiguration;
			buildSettings = {
				ALWAYS_SEARCH_USER_PATHS = NO;
				CLANG_ANALYZER_NONNULL = YES;
				CLANG_ANALYZER_NUMBER_OBJECT_CONVERSION = YES_AGGRESSIVE;
				CLANG_CXX_LANGUAGE_STANDARD = "gnu++14";
				CLANG_CXX_LIBRARY = "libc++";
				CLANG_ENABLE_MODULES = YES;
				CLANG_ENABLE_OBJC_ARC = YES;
				CLANG_WARN_BLOCK_CAPTURE_AUTORELEASING = YES;
				CLANG_WARN_BOOL_CONVERSION = YES;
				CLANG_WARN_COMMA = YES;
				CLANG_WARN_CONSTANT_CONVERSION = YES;
				CLANG_WARN_DIRECT_OBJC_ISA_USAGE = YES_ERROR;
				CLANG_WARN_DOCUMENTATION_COMMENTS = YES;
				CLANG_WARN_EMPTY_BODY = YES;
				CLANG_WARN_ENUM_CONVERSION = YES;
				CLANG_WARN_INFINITE_RECURSION = YES;
				CLANG_WARN_INT_CONVERSION = YES;
				CLANG_WARN_NON_LITERAL_NULL_CONVERSION = YES;
				CLANG_WARN_OBJC_LITERAL_CONVERSION = YES;
				CLANG_WARN_OBJC_ROOT_CLASS = YES_ERROR;
				CLANG_WARN_RANGE_LOOP_ANALYSIS = YES;
				CLANG_WARN_STRICT_PROTOTYPES = YES;
				CLANG_WARN_SUSPICIOUS_MOVE = YES;
				CLANG_WARN_UNGUARDED_AVAILABILITY = YES_AGGRESSIVE;
				CLANG_WARN_UNREACHABLE_CODE = YES;
				CLANG_WARN__DUPLICATE_METHOD_MATCH = YES;
				CODE_SIGN_IDENTITY = "iPhone Developer";
				COPY_PHASE_STRIP = NO;
				DEBUG_INFORMATION_FORMAT = "dwarf-with-dsym";
				ENABLE_NS_ASSERTIONS = NO;
				ENABLE_STRICT_OBJC_MSGSEND = YES;
				GCC_C_LANGUAGE_STANDARD = gnu11;
				GCC_NO_COMMON_BLOCKS = YES;
				GCC_WARN_64_TO_32_BIT_CONVERSION = YES;
				GCC_WARN_ABOUT_RETURN_TYPE = YES_ERROR;
				GCC_WARN_UNDECLARED_SELECTOR = YES;
				GCC_WARN_UNINITIALIZED_AUTOS = YES_AGGRESSIVE;
				GCC_WARN_UNUSED_FUNCTION = YES;
				GCC_WARN_UNUSED_VARIABLE = YES;
				IPHONEOS_DEPLOYMENT_TARGET = 11.2;
				MTL_ENABLE_DEBUG_INFO = NO;
				SDKROOT = iphoneos;
				SWIFT_OPTIMIZATION_LEVEL = "-Owholemodule";
				VALIDATE_PRODUCT = YES;
			};
			name = Release;
		};
		C965C2FB204CEB42000FD36A /* Debug */ = {
			isa = XCBuildConfiguration;
			buildSettings = {
				ASSETCATALOG_COMPILER_APPICON_NAME = AppIcon;
				CODE_SIGN_STYLE = Automatic;
				DEVELOPMENT_TEAM = Z4XQ7K7C5E;
				INFOPLIST_FILE = StoreSearch/Info.plist;
				LD_RUNPATH_SEARCH_PATHS = "$(inherited) @executable_path/Frameworks";
				PRODUCT_BUNDLE_IDENTIFIER = com.kaopiz.StoreSearch;
				PRODUCT_NAME = "$(TARGET_NAME)";
				SWIFT_VERSION = 4.0;
				TARGETED_DEVICE_FAMILY = "1,2";
			};
			name = Debug;
		};
		C965C2FC204CEB42000FD36A /* Release */ = {
			isa = XCBuildConfiguration;
			buildSettings = {
				ASSETCATALOG_COMPILER_APPICON_NAME = AppIcon;
				CODE_SIGN_STYLE = Automatic;
				DEVELOPMENT_TEAM = Z4XQ7K7C5E;
				INFOPLIST_FILE = StoreSearch/Info.plist;
				LD_RUNPATH_SEARCH_PATHS = "$(inherited) @executable_path/Frameworks";
				PRODUCT_BUNDLE_IDENTIFIER = com.kaopiz.StoreSearch;
				PRODUCT_NAME = "$(TARGET_NAME)";
				SWIFT_VERSION = 4.0;
				TARGETED_DEVICE_FAMILY = "1,2";
			};
			name = Release;
		};
/* End XCBuildConfiguration section */

/* Begin XCConfigurationList section */
		C965C2E3204CEB42000FD36A /* Build configuration list for PBXProject "StoreSearch" */ = {
			isa = XCConfigurationList;
			buildConfigurations = (
				C965C2F8204CEB42000FD36A /* Debug */,
				C965C2F9204CEB42000FD36A /* Release */,
			);
			defaultConfigurationIsVisible = 0;
			defaultConfigurationName = Release;
		};
		C965C2FA204CEB42000FD36A /* Build configuration list for PBXNativeTarget "StoreSearch" */ = {
			isa = XCConfigurationList;
			buildConfigurations = (
				C965C2FB204CEB42000FD36A /* Debug */,
				C965C2FC204CEB42000FD36A /* Release */,
			);
			defaultConfigurationIsVisible = 0;
			defaultConfigurationName = Release;
		};
/* End XCConfigurationList section */
	};
	rootObject = C965C2E0204CEB42000FD36A /* Project object */;
}
